
Microsoft Visual Studio Solution File, Format Version 12.00
#
Project("{2150E333-8FDC-42A3-9474-1A3956D46DE8}") = "src", "src", "{0F79848F-C27C-4A98-ADCE-D3A5CABDFCC9}"
EndProject
Project("{FAE04EC0-301F-11D3-BF4B-00C04F79EFBC}") = "StorageFlow.Abstractions", "src\StorageFlow.Abstractions\StorageFlow.Abstractions.csproj", "{25A8DA3C-A421-4D71-BB3A-F0CB820EA4BD}"
EndProject
Project("{FAE04EC0-301F-11D3-BF4B-00C04F79EFBC}") = "StorageFlow.Core", "src\StorageFlow.Core\StorageFlow.Core.csproj", "{A544B043-9652-424A-8822-5C52E2909F1D}"
EndProject
Project("{FAE04EC0-301F-11D3-BF4B-00C04F79EFBC}") = "StorageFlow.Provider.S3", "src\StorageFlow.Provider.S3\StorageFlow.Provider.S3.csproj", "{D116C221-0BCF-4429-857E-4C6D788B3522}"
EndProject
Project("{FAE04EC0-301F-11D3-BF4B-00C04F79EFBC}") = "StorageFlow.Provider.Minio", "src\StorageFlow.Provider.Minio\StorageFlow.Provider.Minio.csproj", "{CB6B68F8-C5B5-4044-9490-3DD0EA67C3F7}"
EndProject
Project("{FAE04EC0-301F-11D3-BF4B-00C04F79EFBC}") = "StorageFlow.Provider.RustFs", "src\StorageFlow.Provider.RustFs\StorageFlow.Provider.RustFs.csproj", "{169544D1-82CB-43C5-97FA-F8AB82CB7492}"
EndProject
Project("{FAE04EC0-301F-11D3-BF4B-00C04F79EFBC}") = "StorageFlow.Extension.Redis", "src\StorageFlow.Extension.Redis\StorageFlow.Extension.Redis.csproj", "{B36382F9-BA46-444D-91E9-3395774912EF}"
EndProject
Project("{2150E333-8FDC-42A3-9474-1A3956D46DE8}") = "tests", "tests", "{19B145E6-8BDF-40D3-8A95-135F4DD836C0}"
EndProject
Project("{FAE04EC0-301F-11D3-BF4B-00C04F79EFBC}") = "StorageFlow.Tests.Unit", "tests\StorageFlow.Tests.Unit\StorageFlow.Tests.Unit.csproj", "{82B49C1F-633B-44EA-B101-E65D0789DCCE}"
EndProject
Project("{FAE04EC0-301F-11D3-BF4B-00C04F79EFBC}") = "StorageFlow.Testing", "tests\StorageFlow.Testing\StorageFlow.Testing.csproj", "{F5B64A4D-A366-4BE8-B95A-A77CC1338C2E}"
EndProject
Project("{2150E333-8FDC-42A3-9474-1A3956D46DE8}") = "samples", "samples", "{B2A4ABEB-F1E7-4A95-B121-02458E7B2DF6}"
EndProject
Project("{FAE04EC0-301F-11D3-BF4B-00C04F79EFBC}") = "StorageFlow.Sample.Api", "samples\StorageFlow.Sample.Api\StorageFlow.Sample.Api.csproj", "{878A2AF4-70D7-4D61-9190-CBA5397F0F48}"
EndProject
Project("{FAE04EC0-301F-11D3-BF4B-00C04F79EFBC}") = "StorageFlow.Tests.Component", "tests\StorageFlow.Tests.Component\StorageFlow.Tests.Component.csproj", "{EC90BB1B-539B-4457-8624-2B238080EC50}"
EndProject
Project("{FAE04EC0-301F-11D3-BF4B-00C04F79EFBC}") = "StorageFlow.Tests.Integration", "tests\StorageFlow.Tests.Integration\StorageFlow.Tests.Integration.csproj", "{56404769-FCE6-4968-B3C9-9CF372CD30ED}"
EndProject
Project("{FAE04EC0-301F-11D3-BF4B-00C04F79EFBC}") = "StorageFlow.Tests.Cloud", "tests\StorageFlow.Tests.Cloud\StorageFlow.Tests.Cloud.csproj", "{4FA510DB-45E7-4422-B3EF-3075A50E597E}"
EndProject
Global
	GlobalSection(SolutionConfigurationPlatforms) = preSolution
		Debug|Any CPU = Debug|Any CPU
		Release|Any CPU = Release|Any CPU
	EndGlobalSection
	GlobalSection(ProjectConfigurationPlatforms) = postSolution
		{25A8DA3C-A421-4D71-BB3A-F0CB820EA4BD}.Debug|Any CPU.ActiveCfg = Debug|Any CPU
		{25A8DA3C-A421-4D71-BB3A-F0CB820EA4BD}.Debug|Any CPU.Build.0 = Debug|Any CPU
		{25A8DA3C-A421-4D71-BB3A-F0CB820EA4BD}.Release|Any CPU.ActiveCfg = Release|Any CPU
		{25A8DA3C-A421-4D71-BB3A-F0CB820EA4BD}.Release|Any CPU.Build.0 = Release|Any CPU
		{A544B043-9652-424A-8822-5C52E2909F1D}.Debug|Any CPU.ActiveCfg = Debug|Any CPU
		{A544B043-9652-424A-8822-5C52E2909F1D}.Debug|Any CPU.Build.0 = Debug|Any CPU
		{A544B043-9652-424A-8822-5C52E2909F1D}.Release|Any CPU.ActiveCfg = Release|Any CPU
		{A544B043-9652-424A-8822-5C52E2909F1D}.Release|Any CPU.Build.0 = Release|Any CPU
		{D116C221-0BCF-4429-857E-4C6D788B3522}.Debug|Any CPU.ActiveCfg = Debug|Any CPU
		{D116C221-0BCF-4429-857E-4C6D788B3522}.Debug|Any CPU.Build.0 = Debug|Any CPU
		{D116C221-0BCF-4429-857E-4C6D788B3522}.Release|Any CPU.ActiveCfg = Release|Any CPU
		{D116C221-0BCF-4429-857E-4C6D788B3522}.Release|Any CPU.Build.0 = Release|Any CPU
		{CB6B68F8-C5B5-4044-9490-3DD0EA67C3F7}.Debug|Any CPU.ActiveCfg = Debug|Any CPU
		{CB6B68F8-C5B5-4044-9490-3DD0EA67C3F7}.Debug|Any CPU.Build.0 = Debug|Any CPU
		{CB6B68F8-C5B5-4044-9490-3DD0EA67C3F7}.Release|Any CPU.ActiveCfg = Release|Any CPU
		{CB6B68F8-C5B5-4044-9490-3DD0EA67C3F7}.Release|Any CPU.Build.0 = Release|Any CPU
		{169544D1-82CB-43C5-97FA-F8AB82CB7492}.Debug|Any CPU.ActiveCfg = Debug|Any CPU
		{169544D1-82CB-43C5-97FA-F8AB82CB7492}.Debug|Any CPU.Build.0 = Debug|Any CPU
		{169544D1-82CB-43C5-97FA-F8AB82CB7492}.Release|Any CPU.ActiveCfg = Release|Any CPU
		{169544D1-82CB-43C5-97FA-F8AB82CB7492}.Release|Any CPU.Build.0 = Release|Any CPU
		{B36382F9-BA46-444D-91E9-3395774912EF}.Debug|Any CPU.ActiveCfg = Debug|Any CPU
		{B36382F9-BA46-444D-91E9-3395774912EF}.Debug|Any CPU.Build.0 = Debug|Any CPU
		{B36382F9-BA46-444D-91E9-3395774912EF}.Release|Any CPU.ActiveCfg = Release|Any CPU
		{B36382F9-BA46-444D-91E9-3395774912EF}.Release|Any CPU.Build.0 = Release|Any CPU
		{82B49C1F-633B-44EA-B101-E65D0789DCCE}.Debug|Any CPU.ActiveCfg = Debug|Any CPU
		{82B49C1F-633B-44EA-B101-E65D0789DCCE}.Debug|Any CPU.Build.0 = Debug|Any CPU
		{82B49C1F-633B-44EA-B101-E65D0789DCCE}.Release|Any CPU.ActiveCfg = Release|Any CPU
		{82B49C1F-633B-44EA-B101-E65D0789DCCE}.Release|Any CPU.Build.0 = Release|Any CPU
		{F5B64A4D-A366-4BE8-B95A-A77CC1338C2E}.Debug|Any CPU.ActiveCfg = Debug|Any CPU
		{F5B64A4D-A366-4BE8-B95A-A77CC1338C2E}.Debug|Any CPU.Build.0 = Debug|Any CPU
		{F5B64A4D-A366-4BE8-B95A-A77CC1338C2E}.Release|Any CPU.ActiveCfg = Release|Any CPU
		{F5B64A4D-A366-4BE8-B95A-A77CC1338C2E}.Release|Any CPU.Build.0 = Release|Any CPU
		{878A2AF4-70D7-4D61-9190-CBA5397F0F48}.Debug|Any CPU.ActiveCfg = Debug|Any CPU
		{878A2AF4-70D7-4D61-9190-CBA5397F0F48}.Debug|Any CPU.Build.0 = Debug|Any CPU
		{878A2AF4-70D7-4D61-9190-CBA5397F0F48}.Release|Any CPU.ActiveCfg = Release|Any CPU
		{878A2AF4-70D7-4D61-9190-CBA5397F0F48}.Release|Any CPU.Build.0 = Release|Any CPU
		{EC90BB1B-539B-4457-8624-2B238080EC50}.Debug|Any CPU.ActiveCfg = Debug|Any CPU
		{EC90BB1B-539B-4457-8624-2B238080EC50}.Debug|Any CPU.Build.0 = Debug|Any CPU
		{EC90BB1B-539B-4457-8624-2B238080EC50}.Release|Any CPU.ActiveCfg = Release|Any CPU
		{EC90BB1B-539B-4457-8624-2B238080EC50}.Release|Any CPU.Build.0 = Release|Any CPU
		{56404769-FCE6-4968-B3C9-9CF372CD30ED}.Debug|Any CPU.ActiveCfg = Debug|Any CPU
		{56404769-FCE6-4968-B3C9-9CF372CD30ED}.Debug|Any CPU.Build.0 = Debug|Any CPU
		{56404769-FCE6-4968-B3C9-9CF372CD30ED}.Release|Any CPU.ActiveCfg = Release|Any CPU
		{56404769-FCE6-4968-B3C9-9CF372CD30ED}.Release|Any CPU.Build.0 = Release|Any CPU
		{4FA510DB-45E7-4422-B3EF-3075A50E597E}.Debug|Any CPU.ActiveCfg = Debug|Any CPU
		{4FA510DB-45E7-4422-B3EF-3075A50E597E}.Debug|Any CPU.Build.0 = Debug|Any CPU
		{4FA510DB-45E7-4422-B3EF-3075A50E597E}.Release|Any CPU.ActiveCfg = Release|Any CPU
		{4FA510DB-45E7-4422-B3EF-3075A50E597E}.Release|Any CPU.Build.0 = Release|Any CPU
	EndGlobalSection
	GlobalSection(NestedProjects) = preSolution
		{25A8DA3C-A421-4D71-BB3A-F0CB820EA4BD} = {0F79848F-C27C-4A98-ADCE-D3A5CABDFCC9}
		{A544B043-9652-424A-8822-5C52E2909F1D} = {0F79848F-C27C-4A98-ADCE-D3A5CABDFCC9}
		{D116C221-0BCF-4429-857E-4C6D788B3522} = {0F79848F-C27C-4A98-ADCE-D3A5CABDFCC9}
		{CB6B68F8-C5B5-4044-9490-3DD0EA67C3F7} = {0F79848F-C27C-4A98-ADCE-D3A5CABDFCC9}
		{169544D1-82CB-43C5-97FA-F8AB82CB7492} = {0F79848F-C27C-4A98-ADCE-D3A5CABDFCC9}
		{B36382F9-BA46-444D-91E9-3395774912EF} = {0F79848F-C27C-4A98-ADCE-D3A5CABDFCC9}
		{82B49C1F-633B-44EA-B101-E65D0789DCCE} = {19B145E6-8BDF-40D3-8A95-135F4DD836C0}
		{F5B64A4D-A366-4BE8-B95A-A77CC1338C2E} = {19B145E6-8BDF-40D3-8A95-135F4DD836C0}
		{878A2AF4-70D7-4D61-9190-CBA5397F0F48} = {B2A4ABEB-F1E7-4A95-B121-02458E7B2DF6}
		{EC90BB1B-539B-4457-8624-2B238080EC50} = {19B145E6-8BDF-40D3-8A95-135F4DD836C0}
		{56404769-FCE6-4968-B3C9-9CF372CD30ED} = {19B145E6-8BDF-40D3-8A95-135F4DD836C0}
		{4FA510DB-45E7-4422-B3EF-3075A50E597E} = {19B145E6-8BDF-40D3-8A95-135F4DD836C0}
	EndGlobalSection
EndGlobal
